// !$*UTF8*$!
{
	archiveVersion = 1;
	classes = {
	};
	objectVersion = 56;
	objects = {

/* Begin PBXBuildFile section */
		1B32479A29A6B40900062315 /* dimanual2App.swift in Sources */ = {isa = PBXBuildFile; fileRef = 1B32479929A6B40900062315 /* dimanual2App.swift */; };
		1B32479C29A6B40900062315 /* ContentView.swift in Sources */ = {isa = PBXBuildFile; fileRef = 1B32479B29A6B40900062315 /* ContentView.swift */; };
		1B32479E29A6B40C00062315 /* Assets.xcassets in Resources */ = {isa = PBXBuildFile; fileRef = 1B32479D29A6B40C00062315 /* Assets.xcassets */; };
		1B3247A129A6B40C00062315 /* Preview Assets.xcassets in Resources */ = {isa = PBXBuildFile; fileRef = 1B3247A029A6B40C00062315 /* Preview Assets.xcassets */; };
		1B3247B529A6B49B00062315 /* PreferencesStoreViewModel.swift in Sources */ = {isa = PBXBuildFile; fileRef = 1B3247A729A6B49900062315 /* PreferencesStoreViewModel.swift */; };
		1B3247B629A6B49B00062315 /* PrivacyLevel.swift in Sources */ = {isa = PBXBuildFile; fileRef = 1B3247A829A6B49900062315 /* PrivacyLevel.swift */; };
		1B3247B729A6B49B00062315 /* ProfileContentProvider.swift in Sources */ = {isa = PBXBuildFile; fileRef = 1B3247A929A6B49A00062315 /* ProfileContentProvider.swift */; };
		1B3247B829A6B49B00062315 /* PrivacySetting.swift in Sources */ = {isa = PBXBuildFile; fileRef = 1B3247AA29A6B49A00062315 /* PrivacySetting.swift */; };
		1B3247B929A6B49B00062315 /* Mock.swift in Sources */ = {isa = PBXBuildFile; fileRef = 1B3247AB29A6B49A00062315 /* Mock.swift */; };
		1B3247BA29A6B49B00062315 /* DIContainer.swift in Sources */ = {isa = PBXBuildFile; fileRef = 1B3247AC29A6B49A00062315 /* DIContainer.swift */; };
		1B3247BB29A6B49B00062315 /* ImageLoader.swift in Sources */ = {isa = PBXBuildFile; fileRef = 1B3247AD29A6B49A00062315 /* ImageLoader.swift */; };
		1B3247BC29A6B49B00062315 /* AppDelegate.swift in Sources */ = {isa = PBXBuildFile; fileRef = 1B3247AE29A6B49A00062315 /* AppDelegate.swift */; };
		1B3247BD29A6B49B00062315 /* SceneDelegate.swift in Sources */ = {isa = PBXBuildFile; fileRef = 1B3247AF29A6B49A00062315 /* SceneDelegate.swift */; };
		1B3247BE29A6B49B00062315 /* User.swift in Sources */ = {isa = PBXBuildFile; fileRef = 1B3247B029A6B49A00062315 /* User.swift */; };
		1B3247BF29A6B49B00062315 /* ProfileView.swift in Sources */ = {isa = PBXBuildFile; fileRef = 1B3247B229A6B49B00062315 /* ProfileView.swift */; };
		1B3247C029A6B49B00062315 /* UserPreferencesView.swift in Sources */ = {isa = PBXBuildFile; fileRef = 1B3247B329A6B49B00062315 /* UserPreferencesView.swift */; };
		1B3247C129A6B49B00062315 /* ImageView.swift in Sources */ = {isa = PBXBuildFile; fileRef = 1B3247B429A6B49B00062315 /* ImageView.swift */; };
/* End PBXBuildFile section */

/* Begin PBXFileReference section */
		1B32479629A6B40900062315 /* dimanual2.app */ = {isa = PBXFileReference; explicitFileType = wrapper.application; includeInIndex = 0; path = dimanual2.app; sourceTree = BUILT_PRODUCTS_DIR; };
		1B32479929A6B40900062315 /* dimanual2App.swift */ = {isa = PBXFileReference; lastKnownFileType = sourcecode.swift; path = dimanual2App.swift; sourceTree = "<group>"; };
		1B32479B29A6B40900062315 /* ContentView.swift */ = {isa = PBXFileReference; lastKnownFileType = sourcecode.swift; path = ContentView.swift; sourceTree = "<group>"; };
		1B32479D29A6B40C00062315 /* Assets.xcassets */ = {isa = PBXFileReference; lastKnownFileType = folder.assetcatalog; path = Assets.xcassets; sourceTree = "<group>"; };
		1B3247A029A6B40C00062315 /* Preview Assets.xcassets */ = {isa = PBXFileReference; lastKnownFileType = folder.assetcatalog; path = "Preview Assets.xcassets"; sourceTree = "<group>"; };
		1B3247A729A6B49900062315 /* PreferencesStoreViewModel.swift */ = {isa = PBXFileReference; fileEncoding = 4; lastKnownFileType = sourcecode.swift; path = PreferencesStoreViewModel.swift; sourceTree = "<group>"; };
		1B3247A829A6B49900062315 /* PrivacyLevel.swift */ = {isa = PBXFileReference; fileEncoding = 4; lastKnownFileType = sourcecode.swift; path = PrivacyLevel.swift; sourceTree = "<group>"; };
		1B3247A929A6B49A00062315 /* ProfileContentProvider.swift */ = {isa = PBXFileReference; fileEncoding = 4; lastKnownFileType = sourcecode.swift; path = ProfileContentProvider.swift; sourceTree = "<group>"; };
		1B3247AA29A6B49A00062315 /* PrivacySetting.swift */ = {isa = PBXFileReference; fileEncoding = 4; lastKnownFileType = sourcecode.swift; path = PrivacySetting.swift; sourceTree = "<group>"; };
		1B3247AB29A6B49A00062315 /* Mock.swift */ = {isa = PBXFileReference; fileEncoding = 4; lastKnownFileType = sourcecode.swift; path = Mock.swift; sourceTree = "<group>"; };
		1B3247AC29A6B49A00062315 /* DIContainer.swift */ = {isa = PBXFileReference; fileEncoding = 4; lastKnownFileType = sourcecode.swift; path = DIContainer.swift; sourceTree = "<group>"; };
		1B3247AD29A6B49A00062315 /* ImageLoader.swift */ = {isa = PBXFileReference; fileEncoding = 4; lastKnownFileType = sourcecode.swift; path = ImageLoader.swift; sourceTree = "<group>"; };
		1B3247AE29A6B49A00062315 /* AppDelegate.swift */ = {isa = PBXFileReference; fileEncoding = 4; lastKnownFileType = sourcecode.swift; path = AppDelegate.swift; sourceTree = "<group>"; };
		1B3247AF29A6B49A00062315 /* SceneDelegate.swift */ = {isa = PBXFileReference; fileEncoding = 4; lastKnownFileType = sourcecode.swift; path = SceneDelegate.swift; sourceTree = "<group>"; };
		1B3247B029A6B49A00062315 /* User.swift */ = {isa = PBXFileReference; fileEncoding = 4; lastKnownFileType = sourcecode.swift; path = User.swift; sourceTree = "<group>"; };
		1B3247B229A6B49B00062315 /* ProfileView.swift */ = {isa = PBXFileReference; fileEncoding = 4; lastKnownFileType = sourcecode.swift; path = ProfileView.swift; sourceTree = "<group>"; };
		1B3247B329A6B49B00062315 /* UserPreferencesView.swift */ = {isa = PBXFileReference; fileEncoding = 4; lastKnownFileType = sourcecode.swift; path = UserPreferencesView.swift; sourceTree = "<group>"; };
		1B3247B429A6B49B00062315 /* ImageView.swift */ = {isa = PBXFileReference; fileEncoding = 4; lastKnownFileType = sourcecode.swift; path = ImageView.swift; sourceTree = "<group>"; };
		1B3247C929A6C2E200062315 /* README.md */ = {isa = PBXFileReference; lastKnownFileType = net.daringfireball.markdown; path = README.md; sourceTree = "<group>"; };
/* End PBXFileReference section */

/* Begin PBXFrameworksBuildPhase section */
		1B32479329A6B40900062315 /* Frameworks */ = {
			isa = PBXFrameworksBuildPhase;
			buildActionMask = 2147483647;
			files = (
			);
			runOnlyForDeploymentPostprocessing = 0;
		};
/* End PBXFrameworksBuildPhase section */

/* Begin PBXGroup section */
		1B32478D29A6B40900062315 = {
			isa = PBXGroup;
			children = (
				1B3247C929A6C2E200062315 /* README.md */,
				1B32479829A6B40900062315 /* dimanual2 */,
				1B32479729A6B40900062315 /* Products */,
			);
			sourceTree = "<group>";
		};
		1B32479729A6B40900062315 /* Products */ = {
			isa = PBXGroup;
			children = (
				1B32479629A6B40900062315 /* dimanual2.app */,
			);
			name = Products;
			sourceTree = "<group>";
		};
		1B32479829A6B40900062315 /* dimanual2 */ = {
			isa = PBXGroup;
			children = (
				1B3247C829A6C09400062315 /* di */,
				1B3247C729A6C05500062315 /* models */,
				1B3247C629A6C04100062315 /* mock */,
				1B3247C329A6BF3B00062315 /* feature */,
				1B3247C229A6B9EB00062315 /* application */,
				1B3247B129A6B49B00062315 /* Views */,
				1B32479B29A6B40900062315 /* ContentView.swift */,
				1B32479D29A6B40C00062315 /* Assets.xcassets */,
				1B32479F29A6B40C00062315 /* Preview Content */,
			);
			path = dimanual2;
			sourceTree = "<group>";
		};
		1B32479F29A6B40C00062315 /* Preview Content */ = {
			isa = PBXGroup;
			children = (
				1B3247A029A6B40C00062315 /* Preview Assets.xcassets */,
			);
			path = "Preview Content";
			sourceTree = "<group>";
		};
		1B3247B129A6B49B00062315 /* Views */ = {
			isa = PBXGroup;
			children = (
				1B3247AD29A6B49A00062315 /* ImageLoader.swift */,
				1B3247B429A6B49B00062315 /* ImageView.swift */,
			);
			path = Views;
			sourceTree = "<group>";
		};
		1B3247C229A6B9EB00062315 /* application */ = {
			isa = PBXGroup;
			children = (
				1B3247AE29A6B49A00062315 /* AppDelegate.swift */,
				1B32479929A6B40900062315 /* dimanual2App.swift */,
				1B3247AF29A6B49A00062315 /* SceneDelegate.swift */,
			);
			path = application;
			sourceTree = "<group>";
		};
		1B3247C329A6BF3B00062315 /* feature */ = {
			isa = PBXGroup;
			children = (
				1B3247C529A6BFB000062315 /* profile */,
				1B3247C429A6BF7F00062315 /* preferences */,
			);
			path = feature;
			sourceTree = "<group>";
		};
		1B3247C429A6BF7F00062315 /* preferences */ = {
			isa = PBXGroup;
			children = (
				1B3247B329A6B49B00062315 /* UserPreferencesView.swift */,
				1B3247A729A6B49900062315 /* PreferencesStoreViewModel.swift */,
			);
			path = preferences;
			sourceTree = "<group>";
		};
		1B3247C529A6BFB000062315 /* profile */ = {
			isa = PBXGroup;
			children = (
				1B3247A929A6B49A00062315 /* ProfileContentProvider.swift */,
				1B3247B229A6B49B00062315 /* ProfileView.swift */,
			);
			path = profile;
			sourceTree = "<group>";
		};
		1B3247C629A6C04100062315 /* mock */ = {
			isa = PBXGroup;
			children = (
				1B3247AB29A6B49A00062315 /* Mock.swift */,
			);
			path = mock;
			sourceTree = "<group>";
		};
		1B3247C729A6C05500062315 /* models */ = {
			isa = PBXGroup;
			children = (
				1B3247AA29A6B49A00062315 /* PrivacySetting.swift */,
				1B3247A829A6B49900062315 /* PrivacyLevel.swift */,
				1B3247B029A6B49A00062315 /* User.swift */,
			);
			path = models;
			sourceTree = "<group>";
		};
		1B3247C829A6C09400062315 /* di */ = {
			isa = PBXGroup;
			children = (
				1B3247AC29A6B49A00062315 /* DIContainer.swift */,
			);
			path = di;
			sourceTree = "<group>";
		};
/* End PBXGroup section */

/* Begin PBXNativeTarget section */
		1B32479529A6B40900062315 /* dimanual2 */ = {
			isa = PBXNativeTarget;
			buildConfigurationList = 1B3247A429A6B40C00062315 /* Build configuration list for PBXNativeTarget "dimanual2" */;
			buildPhases = (
				1B32479229A6B40900062315 /* Sources */,
				1B32479329A6B40900062315 /* Frameworks */,
				1B32479429A6B40900062315 /* Resources */,
			);
			buildRules = (
			);
			dependencies = (
			);
			name = dimanual2;
			productName = dimanual2;
			productReference = 1B32479629A6B40900062315 /* dimanual2.app */;
			productType = "com.apple.product-type.application";
		};
/* End PBXNativeTarget section */

/* Begin PBXProject section */
		1B32478E29A6B40900062315 /* Project object */ = {
			isa = PBXProject;
			attributes = {
				BuildIndependentTargetsInParallel = 1;
				LastSwiftUpdateCheck = 1420;
				LastUpgradeCheck = 1420;
				TargetAttributes = {
					1B32479529A6B40900062315 = {
						CreatedOnToolsVersion = 14.2;
					};
				};
			};
			buildConfigurationList = 1B32479129A6B40900062315 /* Build configuration list for PBXProject "dimanual2" */;
			compatibilityVersion = "Xcode 14.0";
			developmentRegion = en;
			hasScannedForEncodings = 0;
			knownRegions = (
				en,
				Base,
			);
			mainGroup = 1B32478D29A6B40900062315;
			productRefGroup = 1B32479729A6B40900062315 /* Products */;
			projectDirPath = "";
			projectRoot = "";
			targets = (
				1B32479529A6B40900062315 /* dimanual2 */,
			);
		};
/* End PBXProject section */

/* Begin PBXResourcesBuildPhase section */
		1B32479429A6B40900062315 /* Resources */ = {
			isa = PBXResourcesBuildPhase;
			buildActionMask = 2147483647;
			files = (
				1B3247A129A6B40C00062315 /* Preview Assets.xcassets in Resources */,
				1B32479E29A6B40C00062315 /* Assets.xcassets in Resources */,
			);
			runOnlyForDeploymentPostprocessing = 0;
		};
/* End PBXResourcesBuildPhase section */

/* Begin PBXSourcesBuildPhase section */
		1B32479229A6B40900062315 /* Sources */ = {
			isa = PBXSourcesBuildPhase;
			buildActionMask = 2147483647;
			files = (
				1B3247C129A6B49B00062315 /* ImageView.swift in Sources */,
				1B32479C29A6B40900062315 /* ContentView.swift in Sources */,
				1B3247BF29A6B49B00062315 /* ProfileView.swift in Sources */,
				1B32479A29A6B40900062315 /* dimanual2App.swift in Sources */,
				1B3247B529A6B49B00062315 /* PreferencesStoreViewModel.swift in Sources */,
				1B3247B929A6B49B00062315 /* Mock.swift in Sources */,
				1B3247BA29A6B49B00062315 /* DIContainer.swift in Sources */,
				1B3247BB29A6B49B00062315 /* ImageLoader.swift in Sources */,
				1B3247B829A6B49B00062315 /* PrivacySetting.swift in Sources */,
				1B3247BD29A6B49B00062315 /* SceneDelegate.swift in Sources */,
				1B3247BE29A6B49B00062315 /* User.swift in Sources */,
				1B3247B629A6B49B00062315 /* PrivacyLevel.swift in Sources */,
				1B3247BC29A6B49B00062315 /* AppDelegate.swift in Sources */,
				1B3247C029A6B49B00062315 /* UserPreferencesView.swift in Sources */,
				1B3247B729A6B49B00062315 /* ProfileContentProvider.swift in Sources */,
			);
			runOnlyForDeploymentPostprocessing = 0;
		};
/* End PBXSourcesBuildPhase section */

/* Begin XCBuildConfiguration section */
		1B3247A229A6B40C00062315 /* Debug */ = {
			isa = XCBuildConfiguration;
			buildSettings = {
				ALWAYS_SEARCH_USER_PATHS = NO;
				CLANG_ANALYZER_NONNULL = YES;
				CLANG_ANALYZER_NUMBER_OBJECT_CONVERSION = YES_AGGRESSIVE;
				CLANG_CXX_LANGUAGE_STANDARD = "gnu++20";
				CLANG_ENABLE_MODULES = YES;
				CLANG_ENABLE_OBJC_ARC = YES;
				CLANG_ENABLE_OBJC_WEAK = YES;
				CLANG_WARN_BLOCK_CAPTURE_AUTORELEASING = YES;
				CLANG_WARN_BOOL_CONVERSION = YES;
				CLANG_WARN_COMMA = YES;
				CLANG_WARN_CONSTANT_CONVERSION = YES;
				CLANG_WARN_DEPRECATED_OBJC_IMPLEMENTATIONS = YES;
				CLANG_WARN_DIRECT_OBJC_ISA_USAGE = YES_ERROR;
				CLANG_WARN_DOCUMENTATION_COMMENTS = YES;
				CLANG_WARN_EMPTY_BODY = YES;
				CLANG_WARN_ENUM_CONVERSION = YES;
				CLANG_WARN_INFINITE_RECURSION = YES;
				CLANG_WARN_INT_CONVERSION = YES;
				CLANG_WARN_NON_LITERAL_NULL_CONVERSION = YES;
				CLANG_WARN_OBJC_IMPLICIT_RETAIN_SELF = YES;
				CLANG_WARN_OBJC_LITERAL_CONVERSION = YES;
				CLANG_WARN_OBJC_ROOT_CLASS = YES_ERROR;
				CLANG_WARN_QUOTED_INCLUDE_IN_FRAMEWORK_HEADER = YES;
				CLANG_WARN_RANGE_LOOP_ANALYSIS = YES;
				CLANG_WARN_STRICT_PROTOTYPES = YES;
				CLANG_WARN_SUSPICIOUS_MOVE = YES;
				CLANG_WARN_UNGUARDED_AVAILABILITY = YES_AGGRESSIVE;
				CLANG_WARN_UNREACHABLE_CODE = YES;
				CLANG_WARN__DUPLICATE_METHOD_MATCH = YES;
				COPY_PHASE_STRIP = NO;
				DEBUG_INFORMATION_FORMAT = dwarf;
				ENABLE_STRICT_OBJC_MSGSEND = YES;
				ENABLE_TESTABILITY = YES;
				GCC_C_LANGUAGE_STANDARD = gnu11;
				GCC_DYNAMIC_NO_PIC = NO;
				GCC_NO_COMMON_BLOCKS = YES;
				GCC_OPTIMIZATION_LEVEL = 0;
				GCC_PREPROCESSOR_DEFINITIONS = (
					"DEBUG=1",
					"$(inherited)",
				);
				GCC_WARN_64_TO_32_BIT_CONVERSION = YES;
				GCC_WARN_ABOUT_RETURN_TYPE = YES_ERROR;
				GCC_WARN_UNDECLARED_SELECTOR = YES;
				GCC_WARN_UNINITIALIZED_AUTOS = YES_AGGRESSIVE;
				GCC_WARN_UNUSED_FUNCTION = YES;
				GCC_WARN_UNUSED_VARIABLE = YES;
				IPHONEOS_DEPLOYMENT_TARGET = 16.2;
				MTL_ENABLE_DEBUG_INFO = INCLUDE_SOURCE;
				MTL_FAST_MATH = YES;
				ONLY_ACTIVE_ARCH = YES;
				SDKROOT = iphoneos;
				SWIFT_ACTIVE_COMPILATION_CONDITIONS = DEBUG;
				SWIFT_OPTIMIZATION_LEVEL = "-Onone";
			};
			name = Debug;
		};
		1B3247A329A6B40C00062315 /* Release */ = {
			isa = XCBuildConfiguration;
			buildSettings = {
				ALWAYS_SEARCH_USER_PATHS = NO;
				CLANG_ANALYZER_NONNULL = YES;
				CLANG_ANALYZER_NUMBER_OBJECT_CONVERSION = YES_AGGRESSIVE;
				CLANG_CXX_LANGUAGE_STANDARD = "gnu++20";
				CLANG_ENABLE_MODULES = YES;
				CLANG_ENABLE_OBJC_ARC = YES;
				CLANG_ENABLE_OBJC_WEAK = YES;
				CLANG_WARN_BLOCK_CAPTURE_AUTORELEASING = YES;
				CLANG_WARN_BOOL_CONVERSION = YES;
				CLANG_WARN_COMMA = YES;
				CLANG_WARN_CONSTANT_CONVERSION = YES;
				CLANG_WARN_DEPRECATED_OBJC_IMPLEMENTATIONS = YES;
				CLANG_WARN_DIRECT_OBJC_ISA_USAGE = YES_ERROR;
				CLANG_WARN_DOCUMENTATION_COMMENTS = YES;
				CLANG_WARN_EMPTY_BODY = YES;
				CLANG_WARN_ENUM_CONVERSION = YES;
				CLANG_WARN_INFINITE_RECURSION = YES;
				CLANG_WARN_INT_CONVERSION = YES;
				CLANG_WARN_NON_LITERAL_NULL_CONVERSION = YES;
				CLANG_WARN_OBJC_IMPLICIT_RETAIN_SELF = YES;
				CLANG_WARN_OBJC_LITERAL_CONVERSION = YES;
				CLANG_WARN_OBJC_ROOT_CLASS = YES_ERROR;
				CLANG_WARN_QUOTED_INCLUDE_IN_FRAMEWORK_HEADER = YES;
				CLANG_WARN_RANGE_LOOP_ANALYSIS = YES;
				CLANG_WARN_STRICT_PROTOTYPES = YES;
				CLANG_WARN_SUSPICIOUS_MOVE = YES;
				CLANG_WARN_UNGUARDED_AVAILABILITY = YES_AGGRESSIVE;
				CLANG_WARN_UNREACHABLE_CODE = YES;
				CLANG_WARN__DUPLICATE_METHOD_MATCH = YES;
				COPY_PHASE_STRIP = NO;
				DEBUG_INFORMATION_FORMAT = "dwarf-with-dsym";
				ENABLE_NS_ASSERTIONS = NO;
				ENABLE_STRICT_OBJC_MSGSEND = YES;
				GCC_C_LANGUAGE_STANDARD = gnu11;
				GCC_NO_COMMON_BLOCKS = YES;
				GCC_WARN_64_TO_32_BIT_CONVERSION = YES;
				GCC_WARN_ABOUT_RETURN_TYPE = YES_ERROR;
				GCC_WARN_UNDECLARED_SELECTOR = YES;
				GCC_WARN_UNINITIALIZED_AUTOS = YES_AGGRESSIVE;
				GCC_WARN_UNUSED_FUNCTION = YES;
				GCC_WARN_UNUSED_VARIABLE = YES;
				IPHONEOS_DEPLOYMENT_TARGET = 16.2;
				MTL_ENABLE_DEBUG_INFO = NO;
				MTL_FAST_MATH = YES;
				SDKROOT = iphoneos;
				SWIFT_COMPILATION_MODE = wholemodule;
				SWIFT_OPTIMIZATION_LEVEL = "-O";
				VALIDATE_PRODUCT = YES;
			};
			name = Release;
		};
		1B3247A529A6B40C00062315 /* Debug */ = {
			isa = XCBuildConfiguration;
			buildSettings = {
				ASSETCATALOG_COMPILER_APPICON_NAME = AppIcon;
				ASSETCATALOG_COMPILER_GLOBAL_ACCENT_COLOR_NAME = AccentColor;
				CODE_SIGN_STYLE = Automatic;
				CURRENT_PROJECT_VERSION = 1;
				DEVELOPMENT_ASSET_PATHS = "\"dimanual2/Preview Content\"";
				DEVELOPMENT_TEAM = TPTZGCTSVC;
				ENABLE_PREVIEWS = YES;
				GENERATE_INFOPLIST_FILE = YES;
				INFOPLIST_KEY_UIApplicationSceneManifest_Generation = YES;
				INFOPLIST_KEY_UIApplicationSupportsIndirectInputEvents = YES;
				INFOPLIST_KEY_UILaunchScreen_Generation = YES;
				INFOPLIST_KEY_UISupportedInterfaceOrientations_iPad = "UIInterfaceOrientationPortrait UIInterfaceOrientationPortraitUpsideDown UIInterfaceOrientationLandscapeLeft UIInterfaceOrientationLandscapeRight";
				INFOPLIST_KEY_UISupportedInterfaceOrientations_iPhone = "UIInterfaceOrientationPortrait UIInterfaceOrientationLandscapeLeft UIInterfaceOrientationLandscapeRight";
				LD_RUNPATH_SEARCH_PATHS = (
					"$(inherited)",
					"@executable_path/Frameworks",
				);
				MARKETING_VERSION = 1.0;
				PRODUCT_BUNDLE_IDENTIFIER = com.quanticheart.dimanual2;
				PRODUCT_NAME = "$(TARGET_NAME)";
				SWIFT_EMIT_LOC_STRINGS = YES;
				SWIFT_VERSION = 5.0;
				TARGETED_DEVICE_FAMILY = "1,2";
			};
			name = Debug;
		};
		1B3247A629A6B40C00062315 /* Release */ = {
			isa = XCBuildConfiguration;
			buildSettings = {
				ASSETCATALOG_COMPILER_APPICON_NAME = AppIcon;
				ASSETCATALOG_COMPILER_GLOBAL_ACCENT_COLOR_NAME = AccentColor;
				CODE_SIGN_STYLE = Automatic;
				CURRENT_PROJECT_VERSION = 1;
				DEVELOPMENT_ASSET_PATHS = "\"dimanual2/Preview Content\"";
				DEVELOPMENT_TEAM = TPTZGCTSVC;
				ENABLE_PREVIEWS = YES;
				GENERATE_INFOPLIST_FILE = YES;
				INFOPLIST_KEY_UIApplicationSceneManifest_Generation = YES;
				INFOPLIST_KEY_UIApplicationSupportsIndirectInputEvents = YES;
				INFOPLIST_KEY_UILaunchScreen_Generation = YES;
				INFOPLIST_KEY_UISupportedInterfaceOrientations_iPad = "UIInterfaceOrientationPortrait UIInterfaceOrientationPortraitUpsideDown UIInterfaceOrientationLandscapeLeft UIInterfaceOrientationLandscapeRight";
				INFOPLIST_KEY_UISupportedInterfaceOrientations_iPhone = "UIInterfaceOrientationPortrait UIInterfaceOrientationLandscapeLeft UIInterfaceOrientationLandscapeRight";
				LD_RUNPATH_SEARCH_PATHS = (
					"$(inherited)",
					"@executable_path/Frameworks",
				);
				MARKETING_VERSION = 1.0;
				PRODUCT_BUNDLE_IDENTIFIER = com.quanticheart.dimanual2;
				PRODUCT_NAME = "$(TARGET_NAME)";
				SWIFT_EMIT_LOC_STRINGS = YES;
				SWIFT_VERSION = 5.0;
				TARGETED_DEVICE_FAMILY = "1,2";
			};
			name = Release;
		};
/* End XCBuildConfiguration section */

/* Begin XCConfigurationList section */
		1B32479129A6B40900062315 /* Build configuration list for PBXProject "dimanual2" */ = {
			isa = XCConfigurationList;
			buildConfigurations = (
				1B3247A229A6B40C00062315 /* Debug */,
				1B3247A329A6B40C00062315 /* Release */,
			);
			defaultConfigurationIsVisible = 0;
			defaultConfigurationName = Release;
		};
		1B3247A429A6B40C00062315 /* Build configuration list for PBXNativeTarget "dimanual2" */ = {
			isa = XCConfigurationList;
			buildConfigurations = (
				1B3247A529A6B40C00062315 /* Debug */,
				1B3247A629A6B40C00062315 /* Release */,
			);
			defaultConfigurationIsVisible = 0;
			defaultConfigurationName = Release;
		};
/* End XCConfigurationList section */
	};
	rootObject = 1B32478E29A6B40900062315 /* Project object */;
}
